
Microsoft Visual Studio Solution File, Format Version 12.00
# Visual Studio 15
VisualStudioVersion = 15.0.27130.2036
MinimumVisualStudioVersion = 10.0.40219.1
Project("{FAE04EC0-301F-11D3-BF4B-00C04F79EFBC}") = "E4-1 Arboles", "E4-1 Arboles\E4-1 Arboles.csproj", "{AB8C13AC-A5CA-4BB6-9215-CA380CAA2FCE}"
EndProject
Global
	GlobalSection(SolutionConfigurationPlatforms) = preSolution
		Debug|Any CPU = Debug|Any CPU
		Release|Any CPU = Release|Any CPU
	EndGlobalSection
	GlobalSection(ProjectConfigurationPlatforms) = postSolution
		{AB8C13AC-A5CA-4BB6-9215-CA380CAA2FCE}.Debug|Any CPU.ActiveCfg = Debug|Any CPU
		{AB8C13AC-A5CA-4BB6-9215-CA380CAA2FCE}.Debug|Any CPU.Build.0 = Debug|Any CPU
		{AB8C13AC-A5CA-4BB6-9215-CA380CAA2FCE}.Release|Any CPU.ActiveCfg = Release|Any CPU
		{AB8C13AC-A5CA-4BB6-9215-CA380CAA2FCE}.Release|Any CPU.Build.0 = Release|Any CPU
	EndGlobalSection
	GlobalSection(SolutionProperties) = preSolution
		HideSolutionNode = FALSE
	EndGlobalSection
	GlobalSection(ExtensibilityGlobals) = postSolution
		SolutionGuid = {5ED36020-45A4-4F2F-9DFB-EDF896996E0C}
	EndGlobalSection
EndGlobal
